
Microsoft Visual Studio Solution File, Format Version 12.00
# Visual Studio Version 16
VisualStudioVersion = 16.0.31829.152
MinimumVisualStudioVersion = 10.0.40219.1
Project("{00D1A9C2-B5F0-4AF3-8072-F6C62B433612}") = "SQL", "SQL\SQL.sqlproj", "{92CB7BB1-0F8D-4F62-A32A-C582B24FA551}"
EndProject
Global
	GlobalSection(SolutionConfigurationPlatforms) = preSolution
		Debug|Any CPU = Debug|Any CPU
		Release|Any CPU = Release|Any CPU
	EndGlobalSection
	GlobalSection(ProjectConfigurationPlatforms) = postSolution
		{92CB7BB1-0F8D-4F62-A32A-C582B24FA551}.Debug|Any CPU.ActiveCfg = Debug|Any CPU
		{92CB7BB1-0F8D-4F62-A32A-C582B24FA551}.Debug|Any CPU.Build.0 = Debug|Any CPU
		{92CB7BB1-0F8D-4F62-A32A-C582B24FA551}.Debug|Any CPU.Deploy.0 = Debug|Any CPU
		{92CB7BB1-0F8D-4F62-A32A-C582B24FA551}.Release|Any CPU.ActiveCfg = Release|Any CPU
		{92CB7BB1-0F8D-4F62-A32A-C582B24FA551}.Release|Any CPU.Build.0 = Release|Any CPU
		{92CB7BB1-0F8D-4F62-A32A-C582B24FA551}.Release|Any CPU.Deploy.0 = Release|Any CPU
	EndGlobalSection
	GlobalSection(SolutionProperties) = preSolution
		HideSolutionNode = FALSE
	EndGlobalSection
	GlobalSection(ExtensibilityGlobals) = postSolution
		SolutionGuid = {BF4316A2-DAF4-432E-B118-2639F387A9E3}
	EndGlobalSection
EndGlobal
