
Microsoft Visual Studio Solution File, Format Version 12.00
# Visual Studio Version 16
VisualStudioVersion = 16.0.31829.152
MinimumVisualStudioVersion = 10.0.40219.1
Project("{00D1A9C2-B5F0-4AF3-8072-F6C62B433612}") = "ApprovalApiSqlDb", "ApprovalApiSqlDb.sqlproj", "{C1E37829-2CE8-45C4-B8FE-6DE808F32754}"
EndProject
Global
	GlobalSection(SolutionConfigurationPlatforms) = preSolution
		Debug|Any CPU = Debug|Any CPU
		Release|Any CPU = Release|Any CPU
	EndGlobalSection
	GlobalSection(ProjectConfigurationPlatforms) = postSolution
		{C1E37829-2CE8-45C4-B8FE-6DE808F32754}.Debug|Any CPU.ActiveCfg = Debug|Any CPU
		{C1E37829-2CE8-45C4-B8FE-6DE808F32754}.Debug|Any CPU.Build.0 = Debug|Any CPU
		{C1E37829-2CE8-45C4-B8FE-6DE808F32754}.Debug|Any CPU.Deploy.0 = Debug|Any CPU
		{C1E37829-2CE8-45C4-B8FE-6DE808F32754}.Release|Any CPU.ActiveCfg = Release|Any CPU
		{C1E37829-2CE8-45C4-B8FE-6DE808F32754}.Release|Any CPU.Build.0 = Release|Any CPU
		{C1E37829-2CE8-45C4-B8FE-6DE808F32754}.Release|Any CPU.Deploy.0 = Release|Any CPU
	EndGlobalSection
	GlobalSection(SolutionProperties) = preSolution
		HideSolutionNode = FALSE
	EndGlobalSection
	GlobalSection(ExtensibilityGlobals) = postSolution
		SolutionGuid = {C50E9694-3FA6-4FA3-868B-F3A42BA47565}
	EndGlobalSection
EndGlobal
